
Microsoft Visual Studio Solution File, Format Version 12.00
# Visual Studio Version 17
VisualStudioVersion = 17.5.002.0
MinimumVisualStudioVersion = 10.0.40219.1
Project("{9A19103F-16F7-4668-BE54-9A1E7A4F7556}") = "Ejercicio2", "Ejercicio2.csproj", "{436CAC86-7B0F-41C5-8B4F-31BE4E49DFDC}"
EndProject
Global
	GlobalSection(SolutionConfigurationPlatforms) = preSolution
		Debug|Any CPU = Debug|Any CPU
		Release|Any CPU = Release|Any CPU
	EndGlobalSection
	GlobalSection(ProjectConfigurationPlatforms) = postSolution
		{436CAC86-7B0F-41C5-8B4F-31BE4E49DFDC}.Debug|Any CPU.ActiveCfg = Debug|Any CPU
		{436CAC86-7B0F-41C5-8B4F-31BE4E49DFDC}.Debug|Any CPU.Build.0 = Debug|Any CPU
		{436CAC86-7B0F-41C5-8B4F-31BE4E49DFDC}.Release|Any CPU.ActiveCfg = Release|Any CPU
		{436CAC86-7B0F-41C5-8B4F-31BE4E49DFDC}.Release|Any CPU.Build.0 = Release|Any CPU
	EndGlobalSection
	GlobalSection(SolutionProperties) = preSolution
		HideSolutionNode = FALSE
	EndGlobalSection
	GlobalSection(ExtensibilityGlobals) = postSolution
		SolutionGuid = {5F03AD2E-97F6-4BD1-91D9-9FC6210E0D4D}
	EndGlobalSection
EndGlobal
