
Microsoft Visual Studio Solution File, Format Version 12.00
# Visual Studio Version 17
VisualStudioVersion = 17.5.002.0
MinimumVisualStudioVersion = 10.0.40219.1
Project("{9A19103F-16F7-4668-BE54-9A1E7A4F7556}") = "Ejercicio1", "Ejercicio1.csproj", "{5DE15426-C11F-48C5-9010-CE877961B84C}"
EndProject
Global
	GlobalSection(SolutionConfigurationPlatforms) = preSolution
		Debug|Any CPU = Debug|Any CPU
		Release|Any CPU = Release|Any CPU
	EndGlobalSection
	GlobalSection(ProjectConfigurationPlatforms) = postSolution
		{5DE15426-C11F-48C5-9010-CE877961B84C}.Debug|Any CPU.ActiveCfg = Debug|Any CPU
		{5DE15426-C11F-48C5-9010-CE877961B84C}.Debug|Any CPU.Build.0 = Debug|Any CPU
		{5DE15426-C11F-48C5-9010-CE877961B84C}.Release|Any CPU.ActiveCfg = Release|Any CPU
		{5DE15426-C11F-48C5-9010-CE877961B84C}.Release|Any CPU.Build.0 = Release|Any CPU
	EndGlobalSection
	GlobalSection(SolutionProperties) = preSolution
		HideSolutionNode = FALSE
	EndGlobalSection
	GlobalSection(ExtensibilityGlobals) = postSolution
		SolutionGuid = {7F96E3C5-DD05-43B5-A849-34A6BD13D122}
	EndGlobalSection
EndGlobal
