
Microsoft Visual Studio Solution File, Format Version 12.00
# Visual Studio Version 17
VisualStudioVersion = 17.5.002.0
MinimumVisualStudioVersion = 10.0.40219.1
Project("{9A19103F-16F7-4668-BE54-9A1E7A4F7556}") = "Unidad-2-Ejercicio-4", "Unidad-2-Ejercicio-4.csproj", "{AC7DB3B3-9070-4C25-8A5F-D25380C06A65}"
EndProject
Global
	GlobalSection(SolutionConfigurationPlatforms) = preSolution
		Debug|Any CPU = Debug|Any CPU
		Release|Any CPU = Release|Any CPU
	EndGlobalSection
	GlobalSection(ProjectConfigurationPlatforms) = postSolution
		{AC7DB3B3-9070-4C25-8A5F-D25380C06A65}.Debug|Any CPU.ActiveCfg = Debug|Any CPU
		{AC7DB3B3-9070-4C25-8A5F-D25380C06A65}.Debug|Any CPU.Build.0 = Debug|Any CPU
		{AC7DB3B3-9070-4C25-8A5F-D25380C06A65}.Release|Any CPU.ActiveCfg = Release|Any CPU
		{AC7DB3B3-9070-4C25-8A5F-D25380C06A65}.Release|Any CPU.Build.0 = Release|Any CPU
	EndGlobalSection
	GlobalSection(SolutionProperties) = preSolution
		HideSolutionNode = FALSE
	EndGlobalSection
	GlobalSection(ExtensibilityGlobals) = postSolution
		SolutionGuid = {9618187F-A1BA-44B3-8182-FED08B5D11F2}
	EndGlobalSection
EndGlobal
