
Microsoft Visual Studio Solution File, Format Version 12.00
# Visual Studio Version 17
VisualStudioVersion = 17.5.002.0
MinimumVisualStudioVersion = 10.0.40219.1
Project("{9A19103F-16F7-4668-BE54-9A1E7A4F7556}") = "Ejercicio3", "Ejercicio3.csproj", "{84913A05-25DB-4003-B98B-338F3DE45AC2}"
EndProject
Global
	GlobalSection(SolutionConfigurationPlatforms) = preSolution
		Debug|Any CPU = Debug|Any CPU
		Release|Any CPU = Release|Any CPU
	EndGlobalSection
	GlobalSection(ProjectConfigurationPlatforms) = postSolution
		{84913A05-25DB-4003-B98B-338F3DE45AC2}.Debug|Any CPU.ActiveCfg = Debug|Any CPU
		{84913A05-25DB-4003-B98B-338F3DE45AC2}.Debug|Any CPU.Build.0 = Debug|Any CPU
		{84913A05-25DB-4003-B98B-338F3DE45AC2}.Release|Any CPU.ActiveCfg = Release|Any CPU
		{84913A05-25DB-4003-B98B-338F3DE45AC2}.Release|Any CPU.Build.0 = Release|Any CPU
	EndGlobalSection
	GlobalSection(SolutionProperties) = preSolution
		HideSolutionNode = FALSE
	EndGlobalSection
	GlobalSection(ExtensibilityGlobals) = postSolution
		SolutionGuid = {24B91A2E-A831-48D7-AE9B-A7216F707DB6}
	EndGlobalSection
EndGlobal
